// !$*UTF8*$!
{
	archiveVersion = 1;
	classes = {
	};
	objectVersion = 56;
	objects = {

/* Begin PBXBuildFile section */
		4A19DF1A2BE337430094AAA4 /* Central Manager Delegate.swift in Sources */ = {isa = PBXBuildFile; fileRef = 4A19DF192BE337430094AAA4 /* Central Manager Delegate.swift */; };
		4A19DF1C2BE347DF0094AAA4 /* Peripheral Delegate.swift in Sources */ = {isa = PBXBuildFile; fileRef = 4A19DF1B2BE347DF0094AAA4 /* Peripheral Delegate.swift */; };
		4A1A26822BDB766B00079464 /* Spiral.txt in Resources */ = {isa = PBXBuildFile; fileRef = 4A1A26812BDB766B00079464 /* Spiral.txt */; };
		4A1A26852BDB8F3600079464 /* Cat.txt in Resources */ = {isa = PBXBuildFile; fileRef = 4A1A26842BDB8F3600079464 /* Cat.txt */; };
		4A1A26872BDC062400079464 /* ContentView.swift in Sources */ = {isa = PBXBuildFile; fileRef = 4A1A26862BDC062400079464 /* ContentView.swift */; };
		4A1A26892BDC0A9600079464 /* ScannerSimulation.swift in Sources */ = {isa = PBXBuildFile; fileRef = 4A1A26882BDC0A9600079464 /* ScannerSimulation.swift */; };
		4A1A268B2BDC0C3800079464 /* PointCloud.swift in Sources */ = {isa = PBXBuildFile; fileRef = 4A1A268A2BDC0C3800079464 /* PointCloud.swift */; };
		4A2B09042BDECB300086D9D1 /* Bluetooth Manager.swift in Sources */ = {isa = PBXBuildFile; fileRef = 4A2B09032BDECB300086D9D1 /* Bluetooth Manager.swift */; };
		4A2B09062BDEEB5B0086D9D1 /* Bluetooth Scanner.swift in Sources */ = {isa = PBXBuildFile; fileRef = 4A2B09052BDEEB5B0086D9D1 /* Bluetooth Scanner.swift */; };
		4A379A452C05C3E000FB26CD /* Octagonal Base.swift in Sources */ = {isa = PBXBuildFile; fileRef = 4A379A442C05C3E000FB26CD /* Octagonal Base.swift */; };
		4A379A472C05C87800FB26CD /* Bluetooth Scanner Settings.swift in Sources */ = {isa = PBXBuildFile; fileRef = 4A379A462C05C87800FB26CD /* Bluetooth Scanner Settings.swift */; };
		4A379A4A2C067B5900FB26CD /* Confirmation Progress.swift in Sources */ = {isa = PBXBuildFile; fileRef = 4A379A492C067B5900FB26CD /* Confirmation Progress.swift */; };
		4A4F037D2C10F3F000677431 /* ScanView.swift in Sources */ = {isa = PBXBuildFile; fileRef = 4A4F037C2C10F3F000677431 /* ScanView.swift */; };
		4A6A8D1E2BEF2CBD00CF3C74 /* Recents.swift in Sources */ = {isa = PBXBuildFile; fileRef = 4A6A8D1D2BEF2CBD00CF3C74 /* Recents.swift */; };
		4A8589542BDA287000E7B1C4 /* Arduino_3D_ScannerApp.swift in Sources */ = {isa = PBXBuildFile; fileRef = 4A8589532BDA287000E7B1C4 /* Arduino_3D_ScannerApp.swift */; };
		4A8589582BDA287000E7B1C4 /* Scan.swift in Sources */ = {isa = PBXBuildFile; fileRef = 4A8589572BDA287000E7B1C4 /* Scan.swift */; };
		4A85895A2BDA287100E7B1C4 /* Assets.xcassets in Resources */ = {isa = PBXBuildFile; fileRef = 4A8589592BDA287100E7B1C4 /* Assets.xcassets */; };
		4A85895E2BDA287100E7B1C4 /* Preview Assets.xcassets in Resources */ = {isa = PBXBuildFile; fileRef = 4A85895D2BDA287100E7B1C4 /* Preview Assets.xcassets */; };
/* End PBXBuildFile section */

/* Begin PBXFileReference section */
		4A19DF192BE337430094AAA4 /* Central Manager Delegate.swift */ = {isa = PBXFileReference; lastKnownFileType = sourcecode.swift; path = "Central Manager Delegate.swift"; sourceTree = "<group>"; };
		4A19DF1B2BE347DF0094AAA4 /* Peripheral Delegate.swift */ = {isa = PBXFileReference; lastKnownFileType = sourcecode.swift; path = "Peripheral Delegate.swift"; sourceTree = "<group>"; };
		4A1A26812BDB766B00079464 /* Spiral.txt */ = {isa = PBXFileReference; fileEncoding = 4; lastKnownFileType = text; path = Spiral.txt; sourceTree = "<group>"; };
		4A1A26842BDB8F3600079464 /* Cat.txt */ = {isa = PBXFileReference; fileEncoding = 4; lastKnownFileType = text; path = Cat.txt; sourceTree = "<group>"; };
		4A1A26862BDC062400079464 /* ContentView.swift */ = {isa = PBXFileReference; lastKnownFileType = sourcecode.swift; path = ContentView.swift; sourceTree = "<group>"; };
		4A1A26882BDC0A9600079464 /* ScannerSimulation.swift */ = {isa = PBXFileReference; lastKnownFileType = sourcecode.swift; path = ScannerSimulation.swift; sourceTree = "<group>"; };
		4A1A268A2BDC0C3800079464 /* PointCloud.swift */ = {isa = PBXFileReference; lastKnownFileType = sourcecode.swift; path = PointCloud.swift; sourceTree = "<group>"; };
		4A2B09032BDECB300086D9D1 /* Bluetooth Manager.swift */ = {isa = PBXFileReference; lastKnownFileType = sourcecode.swift; path = "Bluetooth Manager.swift"; sourceTree = "<group>"; };
		4A2B09052BDEEB5B0086D9D1 /* Bluetooth Scanner.swift */ = {isa = PBXFileReference; lastKnownFileType = sourcecode.swift; path = "Bluetooth Scanner.swift"; sourceTree = "<group>"; };
		4A379A442C05C3E000FB26CD /* Octagonal Base.swift */ = {isa = PBXFileReference; lastKnownFileType = sourcecode.swift; path = "Octagonal Base.swift"; sourceTree = "<group>"; };
		4A379A462C05C87800FB26CD /* Bluetooth Scanner Settings.swift */ = {isa = PBXFileReference; lastKnownFileType = sourcecode.swift; path = "Bluetooth Scanner Settings.swift"; sourceTree = "<group>"; };
		4A379A492C067B5900FB26CD /* Confirmation Progress.swift */ = {isa = PBXFileReference; lastKnownFileType = sourcecode.swift; path = "Confirmation Progress.swift"; sourceTree = "<group>"; };
		4A4F037C2C10F3F000677431 /* ScanView.swift */ = {isa = PBXFileReference; lastKnownFileType = sourcecode.swift; path = ScanView.swift; sourceTree = "<group>"; };
		4A4F037E2C111CA500677431 /* ARDSCAN-Info.plist */ = {isa = PBXFileReference; lastKnownFileType = text.plist; path = "ARDSCAN-Info.plist"; sourceTree = "<group>"; };
		4A6A8D1D2BEF2CBD00CF3C74 /* Recents.swift */ = {isa = PBXFileReference; lastKnownFileType = sourcecode.swift; path = Recents.swift; sourceTree = "<group>"; };
		4A8589502BDA287000E7B1C4 /* ARDSCAN.app */ = {isa = PBXFileReference; explicitFileType = wrapper.application; includeInIndex = 0; path = ARDSCAN.app; sourceTree = BUILT_PRODUCTS_DIR; };
		4A8589532BDA287000E7B1C4 /* Arduino_3D_ScannerApp.swift */ = {isa = PBXFileReference; lastKnownFileType = sourcecode.swift; path = Arduino_3D_ScannerApp.swift; sourceTree = "<group>"; };
		4A8589572BDA287000E7B1C4 /* Scan.swift */ = {isa = PBXFileReference; lastKnownFileType = sourcecode.swift; name = Scan.swift; path = ../Scan.swift; sourceTree = "<group>"; };
		4A8589592BDA287100E7B1C4 /* Assets.xcassets */ = {isa = PBXFileReference; lastKnownFileType = folder.assetcatalog; path = Assets.xcassets; sourceTree = "<group>"; };
		4A85895B2BDA287100E7B1C4 /* Arduino_3D_Scanner.entitlements */ = {isa = PBXFileReference; lastKnownFileType = text.plist.entitlements; path = Arduino_3D_Scanner.entitlements; sourceTree = "<group>"; };
		4A85895D2BDA287100E7B1C4 /* Preview Assets.xcassets */ = {isa = PBXFileReference; lastKnownFileType = folder.assetcatalog; path = "Preview Assets.xcassets"; sourceTree = "<group>"; };
/* End PBXFileReference section */

/* Begin PBXFrameworksBuildPhase section */
		4A85894D2BDA287000E7B1C4 /* Frameworks */ = {
			isa = PBXFrameworksBuildPhase;
			buildActionMask = 2147483647;
			files = (
			);
			runOnlyForDeploymentPostprocessing = 0;
		};
/* End PBXFrameworksBuildPhase section */

/* Begin PBXGroup section */
		4A19DF132BE31D790094AAA4 /* Bluetooth Manager */ = {
			isa = PBXGroup;
			children = (
				4A2B09032BDECB300086D9D1 /* Bluetooth Manager.swift */,
				4A19DF192BE337430094AAA4 /* Central Manager Delegate.swift */,
				4A19DF1B2BE347DF0094AAA4 /* Peripheral Delegate.swift */,
				4A379A492C067B5900FB26CD /* Confirmation Progress.swift */,
			);
			path = "Bluetooth Manager";
			sourceTree = "<group>";
		};
		4A1A26832BDB8F0C00079464 /* PointCloud Examples */ = {
			isa = PBXGroup;
			children = (
				4A1A26842BDB8F3600079464 /* Cat.txt */,
				4A1A26812BDB766B00079464 /* Spiral.txt */,
			);
			path = "PointCloud Examples";
			sourceTree = "<group>";
		};
		4A4F037B2C10F39B00677431 /* Recents */ = {
			isa = PBXGroup;
			children = (
				4A8589572BDA287000E7B1C4 /* Scan.swift */,
				4A4F037C2C10F3F000677431 /* ScanView.swift */,
			);
			path = Recents;
			sourceTree = "<group>";
		};
		4A8589472BDA287000E7B1C4 = {
			isa = PBXGroup;
			children = (
				4A4F037E2C111CA500677431 /* ARDSCAN-Info.plist */,
				4A8589522BDA287000E7B1C4 /* Arduino-3D-Scanner */,
				4A8589512BDA287000E7B1C4 /* Products */,
			);
			sourceTree = "<group>";
		};
		4A8589512BDA287000E7B1C4 /* Products */ = {
			isa = PBXGroup;
			children = (
				4A8589502BDA287000E7B1C4 /* ARDSCAN.app */,
			);
			name = Products;
			sourceTree = "<group>";
		};
		4A8589522BDA287000E7B1C4 /* Arduino-3D-Scanner */ = {
			isa = PBXGroup;
			children = (
				4A8589532BDA287000E7B1C4 /* Arduino_3D_ScannerApp.swift */,
				4A1A26862BDC062400079464 /* ContentView.swift */,
				4A8589592BDA287100E7B1C4 /* Assets.xcassets */,
				4A19DF132BE31D790094AAA4 /* Bluetooth Manager */,
				4A2B09052BDEEB5B0086D9D1 /* Bluetooth Scanner.swift */,
				4A379A462C05C87800FB26CD /* Bluetooth Scanner Settings.swift */,
				4A1A26882BDC0A9600079464 /* ScannerSimulation.swift */,
				4A1A268A2BDC0C3800079464 /* PointCloud.swift */,
				4A4F037B2C10F39B00677431 /* Recents */,
				4A6A8D1D2BEF2CBD00CF3C74 /* Recents.swift */,
				4A379A442C05C3E000FB26CD /* Octagonal Base.swift */,
				4A85895B2BDA287100E7B1C4 /* Arduino_3D_Scanner.entitlements */,
				4A1A26832BDB8F0C00079464 /* PointCloud Examples */,
				4A85895C2BDA287100E7B1C4 /* Preview Content */,
			);
			path = "Arduino-3D-Scanner";
			sourceTree = "<group>";
		};
		4A85895C2BDA287100E7B1C4 /* Preview Content */ = {
			isa = PBXGroup;
			children = (
				4A85895D2BDA287100E7B1C4 /* Preview Assets.xcassets */,
			);
			path = "Preview Content";
			sourceTree = "<group>";
		};
/* End PBXGroup section */

/* Begin PBXNativeTarget section */
		4A85894F2BDA287000E7B1C4 /* ARDSCAN */ = {
			isa = PBXNativeTarget;
			buildConfigurationList = 4A8589612BDA287100E7B1C4 /* Build configuration list for PBXNativeTarget "ARDSCAN" */;
			buildPhases = (
				4A85894C2BDA287000E7B1C4 /* Sources */,
				4A85894D2BDA287000E7B1C4 /* Frameworks */,
				4A85894E2BDA287000E7B1C4 /* Resources */,
			);
			buildRules = (
			);
			dependencies = (
			);
			name = ARDSCAN;
			packageProductDependencies = (
			);
			productName = "Arduino-3D-Scanner";
			productReference = 4A8589502BDA287000E7B1C4 /* ARDSCAN.app */;
			productType = "com.apple.product-type.application";
		};
/* End PBXNativeTarget section */

/* Begin PBXProject section */
		4A8589482BDA287000E7B1C4 /* Project object */ = {
			isa = PBXProject;
			attributes = {
				BuildIndependentTargetsInParallel = 1;
				LastSwiftUpdateCheck = 1530;
				LastUpgradeCheck = 1540;
				TargetAttributes = {
					4A85894F2BDA287000E7B1C4 = {
						CreatedOnToolsVersion = 15.3;
					};
				};
			};
			buildConfigurationList = 4A85894B2BDA287000E7B1C4 /* Build configuration list for PBXProject "Arduino-3D-Scanner" */;
			compatibilityVersion = "Xcode 14.0";
			developmentRegion = en;
			hasScannedForEncodings = 0;
			knownRegions = (
				en,
				Base,
			);
			mainGroup = 4A8589472BDA287000E7B1C4;
			packageReferences = (
			);
			productRefGroup = 4A8589512BDA287000E7B1C4 /* Products */;
			projectDirPath = "";
			projectRoot = "";
			targets = (
				4A85894F2BDA287000E7B1C4 /* ARDSCAN */,
			);
		};
/* End PBXProject section */

/* Begin PBXResourcesBuildPhase section */
		4A85894E2BDA287000E7B1C4 /* Resources */ = {
			isa = PBXResourcesBuildPhase;
			buildActionMask = 2147483647;
			files = (
				4A85895E2BDA287100E7B1C4 /* Preview Assets.xcassets in Resources */,
				4A1A26852BDB8F3600079464 /* Cat.txt in Resources */,
				4A1A26822BDB766B00079464 /* Spiral.txt in Resources */,
				4A85895A2BDA287100E7B1C4 /* Assets.xcassets in Resources */,
			);
			runOnlyForDeploymentPostprocessing = 0;
		};
/* End PBXResourcesBuildPhase section */

/* Begin PBXSourcesBuildPhase section */
		4A85894C2BDA287000E7B1C4 /* Sources */ = {
			isa = PBXSourcesBuildPhase;
			buildActionMask = 2147483647;
			files = (
				4A379A472C05C87800FB26CD /* Bluetooth Scanner Settings.swift in Sources */,
				4A1A26872BDC062400079464 /* ContentView.swift in Sources */,
				4A8589582BDA287000E7B1C4 /* Scan.swift in Sources */,
				4A2B09062BDEEB5B0086D9D1 /* Bluetooth Scanner.swift in Sources */,
				4A8589542BDA287000E7B1C4 /* Arduino_3D_ScannerApp.swift in Sources */,
				4A6A8D1E2BEF2CBD00CF3C74 /* Recents.swift in Sources */,
				4A379A4A2C067B5900FB26CD /* Confirmation Progress.swift in Sources */,
				4A4F037D2C10F3F000677431 /* ScanView.swift in Sources */,
				4A379A452C05C3E000FB26CD /* Octagonal Base.swift in Sources */,
				4A1A268B2BDC0C3800079464 /* PointCloud.swift in Sources */,
				4A1A26892BDC0A9600079464 /* ScannerSimulation.swift in Sources */,
				4A19DF1A2BE337430094AAA4 /* Central Manager Delegate.swift in Sources */,
				4A19DF1C2BE347DF0094AAA4 /* Peripheral Delegate.swift in Sources */,
				4A2B09042BDECB300086D9D1 /* Bluetooth Manager.swift in Sources */,
			);
			runOnlyForDeploymentPostprocessing = 0;
		};
/* End PBXSourcesBuildPhase section */

/* Begin XCBuildConfiguration section */
		4A85895F2BDA287100E7B1C4 /* Debug */ = {
			isa = XCBuildConfiguration;
			buildSettings = {
				ALWAYS_SEARCH_USER_PATHS = NO;
				ASSETCATALOG_COMPILER_GENERATE_SWIFT_ASSET_SYMBOL_EXTENSIONS = YES;
				CLANG_ANALYZER_NONNULL = YES;
				CLANG_ANALYZER_NUMBER_OBJECT_CONVERSION = YES_AGGRESSIVE;
				CLANG_CXX_LANGUAGE_STANDARD = "gnu++20";
				CLANG_ENABLE_MODULES = YES;
				CLANG_ENABLE_OBJC_ARC = YES;
				CLANG_ENABLE_OBJC_WEAK = YES;
				CLANG_WARN_BLOCK_CAPTURE_AUTORELEASING = YES;
				CLANG_WARN_BOOL_CONVERSION = YES;
				CLANG_WARN_COMMA = YES;
				CLANG_WARN_CONSTANT_CONVERSION = YES;
				CLANG_WARN_DEPRECATED_OBJC_IMPLEMENTATIONS = YES;
				CLANG_WARN_DIRECT_OBJC_ISA_USAGE = YES_ERROR;
				CLANG_WARN_DOCUMENTATION_COMMENTS = YES;
				CLANG_WARN_EMPTY_BODY = YES;
				CLANG_WARN_ENUM_CONVERSION = YES;
				CLANG_WARN_INFINITE_RECURSION = YES;
				CLANG_WARN_INT_CONVERSION = YES;
				CLANG_WARN_NON_LITERAL_NULL_CONVERSION = YES;
				CLANG_WARN_OBJC_IMPLICIT_RETAIN_SELF = YES;
				CLANG_WARN_OBJC_LITERAL_CONVERSION = YES;
				CLANG_WARN_OBJC_ROOT_CLASS = YES_ERROR;
				CLANG_WARN_QUOTED_INCLUDE_IN_FRAMEWORK_HEADER = YES;
				CLANG_WARN_RANGE_LOOP_ANALYSIS = YES;
				CLANG_WARN_STRICT_PROTOTYPES = YES;
				CLANG_WARN_SUSPICIOUS_MOVE = YES;
				CLANG_WARN_UNGUARDED_AVAILABILITY = YES_AGGRESSIVE;
				CLANG_WARN_UNREACHABLE_CODE = YES;
				CLANG_WARN__DUPLICATE_METHOD_MATCH = YES;
				COPY_PHASE_STRIP = NO;
				DEAD_CODE_STRIPPING = YES;
				DEBUG_INFORMATION_FORMAT = dwarf;
				ENABLE_STRICT_OBJC_MSGSEND = YES;
				ENABLE_TESTABILITY = YES;
				ENABLE_USER_SCRIPT_SANDBOXING = YES;
				GCC_C_LANGUAGE_STANDARD = gnu17;
				GCC_DYNAMIC_NO_PIC = NO;
				GCC_NO_COMMON_BLOCKS = YES;
				GCC_OPTIMIZATION_LEVEL = 0;
				GCC_PREPROCESSOR_DEFINITIONS = (
					"DEBUG=1",
					"$(inherited)",
				);
				GCC_WARN_64_TO_32_BIT_CONVERSION = YES;
				GCC_WARN_ABOUT_RETURN_TYPE = YES_ERROR;
				GCC_WARN_UNDECLARED_SELECTOR = YES;
				GCC_WARN_UNINITIALIZED_AUTOS = YES_AGGRESSIVE;
				GCC_WARN_UNUSED_FUNCTION = YES;
				GCC_WARN_UNUSED_VARIABLE = YES;
				LOCALIZATION_PREFERS_STRING_CATALOGS = YES;
				MTL_ENABLE_DEBUG_INFO = INCLUDE_SOURCE;
				MTL_FAST_MATH = YES;
				ONLY_ACTIVE_ARCH = YES;
				SWIFT_ACTIVE_COMPILATION_CONDITIONS = "DEBUG $(inherited)";
				SWIFT_OPTIMIZATION_LEVEL = "-Onone";
			};
			name = Debug;
		};
		4A8589602BDA287100E7B1C4 /* Release */ = {
			isa = XCBuildConfiguration;
			buildSettings = {
				ALWAYS_SEARCH_USER_PATHS = NO;
				ASSETCATALOG_COMPILER_GENERATE_SWIFT_ASSET_SYMBOL_EXTENSIONS = YES;
				CLANG_ANALYZER_NONNULL = YES;
				CLANG_ANALYZER_NUMBER_OBJECT_CONVERSION = YES_AGGRESSIVE;
				CLANG_CXX_LANGUAGE_STANDARD = "gnu++20";
				CLANG_ENABLE_MODULES = YES;
				CLANG_ENABLE_OBJC_ARC = YES;
				CLANG_ENABLE_OBJC_WEAK = YES;
				CLANG_WARN_BLOCK_CAPTURE_AUTORELEASING = YES;
				CLANG_WARN_BOOL_CONVERSION = YES;
				CLANG_WARN_COMMA = YES;
				CLANG_WARN_CONSTANT_CONVERSION = YES;
				CLANG_WARN_DEPRECATED_OBJC_IMPLEMENTATIONS = YES;
				CLANG_WARN_DIRECT_OBJC_ISA_USAGE = YES_ERROR;
				CLANG_WARN_DOCUMENTATION_COMMENTS = YES;
				CLANG_WARN_EMPTY_BODY = YES;
				CLANG_WARN_ENUM_CONVERSION = YES;
				CLANG_WARN_INFINITE_RECURSION = YES;
				CLANG_WARN_INT_CONVERSION = YES;
				CLANG_WARN_NON_LITERAL_NULL_CONVERSION = YES;
				CLANG_WARN_OBJC_IMPLICIT_RETAIN_SELF = YES;
				CLANG_WARN_OBJC_LITERAL_CONVERSION = YES;
				CLANG_WARN_OBJC_ROOT_CLASS = YES_ERROR;
				CLANG_WARN_QUOTED_INCLUDE_IN_FRAMEWORK_HEADER = YES;
				CLANG_WARN_RANGE_LOOP_ANALYSIS = YES;
				CLANG_WARN_STRICT_PROTOTYPES = YES;
				CLANG_WARN_SUSPICIOUS_MOVE = YES;
				CLANG_WARN_UNGUARDED_AVAILABILITY = YES_AGGRESSIVE;
				CLANG_WARN_UNREACHABLE_CODE = YES;
				CLANG_WARN__DUPLICATE_METHOD_MATCH = YES;
				COPY_PHASE_STRIP = NO;
				DEAD_CODE_STRIPPING = YES;
				DEBUG_INFORMATION_FORMAT = "dwarf-with-dsym";
				ENABLE_NS_ASSERTIONS = NO;
				ENABLE_STRICT_OBJC_MSGSEND = YES;
				ENABLE_USER_SCRIPT_SANDBOXING = YES;
				GCC_C_LANGUAGE_STANDARD = gnu17;
				GCC_NO_COMMON_BLOCKS = YES;
				GCC_WARN_64_TO_32_BIT_CONVERSION = YES;
				GCC_WARN_ABOUT_RETURN_TYPE = YES_ERROR;
				GCC_WARN_UNDECLARED_SELECTOR = YES;
				GCC_WARN_UNINITIALIZED_AUTOS = YES_AGGRESSIVE;
				GCC_WARN_UNUSED_FUNCTION = YES;
				GCC_WARN_UNUSED_VARIABLE = YES;
				LOCALIZATION_PREFERS_STRING_CATALOGS = YES;
				MTL_ENABLE_DEBUG_INFO = NO;
				MTL_FAST_MATH = YES;
				SWIFT_COMPILATION_MODE = wholemodule;
			};
			name = Release;
		};
		4A8589622BDA287100E7B1C4 /* Debug */ = {
			isa = XCBuildConfiguration;
			buildSettings = {
				ASSETCATALOG_COMPILER_APPICON_NAME = AppIcon;
				ASSETCATALOG_COMPILER_GLOBAL_ACCENT_COLOR_NAME = AccentColor;
				CODE_SIGN_ENTITLEMENTS = "Arduino-3D-Scanner/Arduino_3D_Scanner.entitlements";
				CODE_SIGN_STYLE = Automatic;
				CURRENT_PROJECT_VERSION = 1;
				DEAD_CODE_STRIPPING = YES;
				DEVELOPMENT_ASSET_PATHS = "\"Arduino-3D-Scanner/Preview Content\"";
				DEVELOPMENT_TEAM = S2979MMU4H;
				ENABLE_HARDENED_RUNTIME = YES;
				"ENABLE_HARDENED_RUNTIME[sdk=macosx*]" = YES;
				ENABLE_PREVIEWS = YES;
				GENERATE_INFOPLIST_FILE = YES;
				INFOPLIST_FILE = "ARDSCAN-Info.plist";
				INFOPLIST_KEY_CFBundleDisplayName = ARDSCAN;
				INFOPLIST_KEY_LSApplicationCategoryType = "public.app-category.utilities";
				INFOPLIST_KEY_NSBluetoothAlwaysUsageDescription = "Bluetooth is required to connect with the 3D Scanner.";
				INFOPLIST_KEY_NSBluetoothPeripheralUsageDescription = "Bluetooth is required to connect with the 3D Scanner.";
				"INFOPLIST_KEY_UIApplicationSceneManifest_Generation[sdk=iphoneos*]" = YES;
				"INFOPLIST_KEY_UIApplicationSceneManifest_Generation[sdk=iphonesimulator*]" = YES;
				"INFOPLIST_KEY_UIApplicationSupportsIndirectInputEvents[sdk=iphoneos*]" = YES;
				"INFOPLIST_KEY_UIApplicationSupportsIndirectInputEvents[sdk=iphonesimulator*]" = YES;
				"INFOPLIST_KEY_UILaunchScreen_Generation[sdk=iphoneos*]" = YES;
				"INFOPLIST_KEY_UILaunchScreen_Generation[sdk=iphonesimulator*]" = YES;
				"INFOPLIST_KEY_UIStatusBarStyle[sdk=iphoneos*]" = UIStatusBarStyleDefault;
				"INFOPLIST_KEY_UIStatusBarStyle[sdk=iphonesimulator*]" = UIStatusBarStyleDefault;
				INFOPLIST_KEY_UISupportedInterfaceOrientations_iPad = "UIInterfaceOrientationPortrait UIInterfaceOrientationPortraitUpsideDown UIInterfaceOrientationLandscapeLeft UIInterfaceOrientationLandscapeRight";
				INFOPLIST_KEY_UISupportedInterfaceOrientations_iPhone = "UIInterfaceOrientationPortrait UIInterfaceOrientationLandscapeLeft UIInterfaceOrientationLandscapeRight";
				IPHONEOS_DEPLOYMENT_TARGET = 17.0;
				LD_RUNPATH_SEARCH_PATHS = "@executable_path/Frameworks";
				"LD_RUNPATH_SEARCH_PATHS[sdk=macosx*]" = "@executable_path/../Frameworks";
				MACOSX_DEPLOYMENT_TARGET = 14.0;
				MARKETING_VERSION = 1.0;
				PRODUCT_BUNDLE_IDENTIFIER = "com.luisleonardo.Arduino-3D-Scanner";
				PRODUCT_NAME = "$(TARGET_NAME)";
				SDKROOT = auto;
				SUPPORTED_PLATFORMS = "iphoneos iphonesimulator";
				SUPPORTS_MACCATALYST = YES;
				SUPPORTS_MAC_DESIGNED_FOR_IPHONE_IPAD = NO;
				SWIFT_EMIT_LOC_STRINGS = YES;
				SWIFT_VERSION = 5.0;
				TARGETED_DEVICE_FAMILY = "1,2";
			};
			name = Debug;
		};
		4A8589632BDA287100E7B1C4 /* Release */ = {
			isa = XCBuildConfiguration;
			buildSettings = {
				ASSETCATALOG_COMPILER_APPICON_NAME = AppIcon;
				ASSETCATALOG_COMPILER_GLOBAL_ACCENT_COLOR_NAME = AccentColor;
				CODE_SIGN_ENTITLEMENTS = "Arduino-3D-Scanner/Arduino_3D_Scanner.entitlements";
				CODE_SIGN_STYLE = Automatic;
				CURRENT_PROJECT_VERSION = 1;
				DEAD_CODE_STRIPPING = YES;
				DEVELOPMENT_ASSET_PATHS = "\"Arduino-3D-Scanner/Preview Content\"";
				DEVELOPMENT_TEAM = S2979MMU4H;
				ENABLE_HARDENED_RUNTIME = YES;
				"ENABLE_HARDENED_RUNTIME[sdk=macosx*]" = YES;
				ENABLE_PREVIEWS = YES;
				GENERATE_INFOPLIST_FILE = YES;
				INFOPLIST_FILE = "ARDSCAN-Info.plist";
				INFOPLIST_KEY_CFBundleDisplayName = ARDSCAN;
				INFOPLIST_KEY_LSApplicationCategoryType = "public.app-category.utilities";
				INFOPLIST_KEY_NSBluetoothAlwaysUsageDescription = "Bluetooth is required to connect with the 3D Scanner.";
				INFOPLIST_KEY_NSBluetoothPeripheralUsageDescription = "Bluetooth is required to connect with the 3D Scanner.";
				"INFOPLIST_KEY_UIApplicationSceneManifest_Generation[sdk=iphoneos*]" = YES;
				"INFOPLIST_KEY_UIApplicationSceneManifest_Generation[sdk=iphonesimulator*]" = YES;
				"INFOPLIST_KEY_UIApplicationSupportsIndirectInputEvents[sdk=iphoneos*]" = YES;
				"INFOPLIST_KEY_UIApplicationSupportsIndirectInputEvents[sdk=iphonesimulator*]" = YES;
				"INFOPLIST_KEY_UILaunchScreen_Generation[sdk=iphoneos*]" = YES;
				"INFOPLIST_KEY_UILaunchScreen_Generation[sdk=iphonesimulator*]" = YES;
				"INFOPLIST_KEY_UIStatusBarStyle[sdk=iphoneos*]" = UIStatusBarStyleDefault;
				"INFOPLIST_KEY_UIStatusBarStyle[sdk=iphonesimulator*]" = UIStatusBarStyleDefault;
				INFOPLIST_KEY_UISupportedInterfaceOrientations_iPad = "UIInterfaceOrientationPortrait UIInterfaceOrientationPortraitUpsideDown UIInterfaceOrientationLandscapeLeft UIInterfaceOrientationLandscapeRight";
				INFOPLIST_KEY_UISupportedInterfaceOrientations_iPhone = "UIInterfaceOrientationPortrait UIInterfaceOrientationLandscapeLeft UIInterfaceOrientationLandscapeRight";
				IPHONEOS_DEPLOYMENT_TARGET = 17.0;
				LD_RUNPATH_SEARCH_PATHS = "@executable_path/Frameworks";
				"LD_RUNPATH_SEARCH_PATHS[sdk=macosx*]" = "@executable_path/../Frameworks";
				MACOSX_DEPLOYMENT_TARGET = 14.0;
				MARKETING_VERSION = 1.0;
				PRODUCT_BUNDLE_IDENTIFIER = "com.luisleonardo.Arduino-3D-Scanner";
				PRODUCT_NAME = "$(TARGET_NAME)";
				SDKROOT = auto;
				SUPPORTED_PLATFORMS = "iphoneos iphonesimulator";
				SUPPORTS_MACCATALYST = YES;
				SUPPORTS_MAC_DESIGNED_FOR_IPHONE_IPAD = NO;
				SWIFT_EMIT_LOC_STRINGS = YES;
				SWIFT_VERSION = 5.0;
				TARGETED_DEVICE_FAMILY = "1,2";
			};
			name = Release;
		};
/* End XCBuildConfiguration section */

/* Begin XCConfigurationList section */
		4A85894B2BDA287000E7B1C4 /* Build configuration list for PBXProject "Arduino-3D-Scanner" */ = {
			isa = XCConfigurationList;
			buildConfigurations = (
				4A85895F2BDA287100E7B1C4 /* Debug */,
				4A8589602BDA287100E7B1C4 /* Release */,
			);
			defaultConfigurationIsVisible = 0;
			defaultConfigurationName = Release;
		};
		4A8589612BDA287100E7B1C4 /* Build configuration list for PBXNativeTarget "ARDSCAN" */ = {
			isa = XCConfigurationList;
			buildConfigurations = (
				4A8589622BDA287100E7B1C4 /* Debug */,
				4A8589632BDA287100E7B1C4 /* Release */,
			);
			defaultConfigurationIsVisible = 0;
			defaultConfigurationName = Release;
		};
/* End XCConfigurationList section */
	};
	rootObject = 4A8589482BDA287000E7B1C4 /* Project object */;
}
